
Microsoft Visual Studio Solution File, Format Version 12.00
# Visual Studio Version 16
VisualStudioVersion = 16.0.30611.23
MinimumVisualStudioVersion = 10.0.40219.1
Project("{9A19103F-16F7-4668-BE54-9A1E7A4F7556}") = "ShopApp.WebUi", "ShopApp.WebUi\ShopApp.WebUi.csproj", "{6E08871C-47AD-48D1-92B8-3B4F2E67C430}"
EndProject
Global
	GlobalSection(SolutionConfigurationPlatforms) = preSolution
		Debug|Any CPU = Debug|Any CPU
		Release|Any CPU = Release|Any CPU
	EndGlobalSection
	GlobalSection(ProjectConfigurationPlatforms) = postSolution
		{6E08871C-47AD-48D1-92B8-3B4F2E67C430}.Debug|Any CPU.ActiveCfg = Debug|Any CPU
		{6E08871C-47AD-48D1-92B8-3B4F2E67C430}.Debug|Any CPU.Build.0 = Debug|Any CPU
		{6E08871C-47AD-48D1-92B8-3B4F2E67C430}.Release|Any CPU.ActiveCfg = Release|Any CPU
		{6E08871C-47AD-48D1-92B8-3B4F2E67C430}.Release|Any CPU.Build.0 = Release|Any CPU
	EndGlobalSection
	GlobalSection(SolutionProperties) = preSolution
		HideSolutionNode = FALSE
	EndGlobalSection
	GlobalSection(ExtensibilityGlobals) = postSolution
		SolutionGuid = {4F05C0BF-5CB0-445E-A44B-4F441A4D454F}
	EndGlobalSection
EndGlobal
